// !$*UTF8*$!
{
	archiveVersion = 1;
	classes = {
	};
	objectVersion = 46;
	objects = {

/* Begin PBXBuildFile section */
		C97604861E16EACB000CD5EF /* CGFloat+Extensions.swift in Sources */ = {isa = PBXBuildFile; fileRef = C976047A1E16EACB000CD5EF /* CGFloat+Extensions.swift */; };
		C97604871E16EACB000CD5EF /* CGPoint+Extensions.swift in Sources */ = {isa = PBXBuildFile; fileRef = C976047B1E16EACB000CD5EF /* CGPoint+Extensions.swift */; };
		C97604881E16EACB000CD5EF /* CGVector+Extensions.swift in Sources */ = {isa = PBXBuildFile; fileRef = C976047C1E16EACB000CD5EF /* CGVector+Extensions.swift */; };
		C97604891E16EACB000CD5EF /* Int+Extensions.swift in Sources */ = {isa = PBXBuildFile; fileRef = C976047D1E16EACB000CD5EF /* Int+Extensions.swift */; };
		C976048A1E16EACB000CD5EF /* SKAction+Extensions.swift in Sources */ = {isa = PBXBuildFile; fileRef = C976047E1E16EACB000CD5EF /* SKAction+Extensions.swift */; };
		C976048B1E16EACB000CD5EF /* SKAction+SpecialEffects.swift in Sources */ = {isa = PBXBuildFile; fileRef = C976047F1E16EACB000CD5EF /* SKAction+SpecialEffects.swift */; };
		C976048C1E16EACB000CD5EF /* SKColor+Extensions.swift in Sources */ = {isa = PBXBuildFile; fileRef = C97604801E16EACB000CD5EF /* SKColor+Extensions.swift */; };
		C976048D1E16EACB000CD5EF /* SKNode+Extensions.swift in Sources */ = {isa = PBXBuildFile; fileRef = C97604811E16EACB000CD5EF /* SKNode+Extensions.swift */; };
		C976048E1E16EACB000CD5EF /* SKTAudio.swift in Sources */ = {isa = PBXBuildFile; fileRef = C97604821E16EACB000CD5EF /* SKTAudio.swift */; };
		C976048F1E16EACB000CD5EF /* SKTEffects.swift in Sources */ = {isa = PBXBuildFile; fileRef = C97604831E16EACB000CD5EF /* SKTEffects.swift */; };
		C97604901E16EACB000CD5EF /* SKTTimingFunctions.swift in Sources */ = {isa = PBXBuildFile; fileRef = C97604841E16EACB000CD5EF /* SKTTimingFunctions.swift */; };
		C97604911E16EACB000CD5EF /* Vector3.swift in Sources */ = {isa = PBXBuildFile; fileRef = C97604851E16EACB000CD5EF /* Vector3.swift */; };
		C97604951E173D48000CD5EF /* libz.tbd in Frameworks */ = {isa = PBXBuildFile; fileRef = C97604941E173D48000CD5EF /* libz.tbd */; };
		C97604981E1742D2000CD5EF /* Assets.xcassets in Resources */ = {isa = PBXBuildFile; fileRef = C97604971E1742D2000CD5EF /* Assets.xcassets */; };
		DD14C15A1ADFFE2000C20D37 /* Koopa.swift in Sources */ = {isa = PBXBuildFile; fileRef = DD14C1591ADFFE2000C20D37 /* Koopa.swift */; };
		DD14C1CF1AE17D4E00C20D37 /* MonsterInterface.swift in Sources */ = {isa = PBXBuildFile; fileRef = DD14C1CE1AE17D4E00C20D37 /* MonsterInterface.swift */; };
		DD14C1D11B04B4AB00C20D37 /* JumpingKoopa.swift in Sources */ = {isa = PBXBuildFile; fileRef = DD14C1D01B04B4AB00C20D37 /* JumpingKoopa.swift */; };
		DD14C1D31B04B87600C20D37 /* RandomKoopa.swift in Sources */ = {isa = PBXBuildFile; fileRef = DD14C1D21B04B87600C20D37 /* RandomKoopa.swift */; };
		DD1FA90A1A5D6402005AF169 /* AppDelegate.swift in Sources */ = {isa = PBXBuildFile; fileRef = DD1FA9091A5D6402005AF169 /* AppDelegate.swift */; };
		DD1FA90C1A5D6402005AF169 /* GameScene.sks in Resources */ = {isa = PBXBuildFile; fileRef = DD1FA90B1A5D6402005AF169 /* GameScene.sks */; };
		DD1FA90E1A5D6402005AF169 /* GameScene.swift in Sources */ = {isa = PBXBuildFile; fileRef = DD1FA90D1A5D6402005AF169 /* GameScene.swift */; };
		DD1FA9101A5D6402005AF169 /* GameViewController.swift in Sources */ = {isa = PBXBuildFile; fileRef = DD1FA90F1A5D6402005AF169 /* GameViewController.swift */; };
		DD1FA9131A5D6402005AF169 /* Main.storyboard in Resources */ = {isa = PBXBuildFile; fileRef = DD1FA9111A5D6402005AF169 /* Main.storyboard */; };
		DD1FA9151A5D6402005AF169 /* Images.xcassets in Resources */ = {isa = PBXBuildFile; fileRef = DD1FA9141A5D6402005AF169 /* Images.xcassets */; };
		DD1FA9181A5D6402005AF169 /* LaunchScreen.xib in Resources */ = {isa = PBXBuildFile; fileRef = DD1FA9161A5D6402005AF169 /* LaunchScreen.xib */; };
		DD1FA9241A5D6402005AF169 /* GameTests.swift in Sources */ = {isa = PBXBuildFile; fileRef = DD1FA9231A5D6402005AF169 /* GameTests.swift */; };
		DD224AF01AD1629D0017311C /* Mario.swift in Sources */ = {isa = PBXBuildFile; fileRef = DD224AEF1AD1629D0017311C /* Mario.swift */; };
		DD3635A01AB48C57008C5FE8 /* JSTileMap.m in Sources */ = {isa = PBXBuildFile; fileRef = DD36359F1AB48C57008C5FE8 /* JSTileMap.m */; };
		DD3635A31AB48E08008C5FE8 /* LFCGzipUtility.m in Sources */ = {isa = PBXBuildFile; fileRef = DD3635A21AB48E08008C5FE8 /* LFCGzipUtility.m */; };
		DDACF8011AB476A600F3C896 /* OptionsViewController.swift in Sources */ = {isa = PBXBuildFile; fileRef = DDACF8001AB476A600F3C896 /* OptionsViewController.swift */; };
		DDACF8031AB476FD00F3C896 /* LaunchScreenViewController.swift in Sources */ = {isa = PBXBuildFile; fileRef = DDACF8021AB476FD00F3C896 /* LaunchScreenViewController.swift */; };
		DDACF80E1AB487D000F3C896 /* level1.tmx in Resources */ = {isa = PBXBuildFile; fileRef = DDACF80B1AB487D000F3C896 /* level1.tmx */; };
		DDACF80F1AB487D000F3C896 /* tileSet.png in Resources */ = {isa = PBXBuildFile; fileRef = DDACF80C1AB487D000F3C896 /* tileSet.png */; };
		DDACF8101AB487D000F3C896 /* tileSet@2x.png in Resources */ = {isa = PBXBuildFile; fileRef = DDACF80D1AB487D000F3C896 /* tileSet@2x.png */; };
		DDD398601AD545A000E3B0BB /* ReplayScene.swift in Sources */ = {isa = PBXBuildFile; fileRef = DDD3985F1AD545A000E3B0BB /* ReplayScene.swift */; };
		DDD398621AD66EB800E3B0BB /* Mario Bros Theme.mp3 in Resources */ = {isa = PBXBuildFile; fileRef = DDD398611AD66EB800E3B0BB /* Mario Bros Theme.mp3 */; };
		DDE39B971B04CAF600E8A267 /* GameSceneLevel2.swift in Sources */ = {isa = PBXBuildFile; fileRef = DDE39B961B04CAF600E8A267 /* GameSceneLevel2.swift */; };
		DDE39B991B04CB7E00E8A267 /* level2.tmx in Resources */ = {isa = PBXBuildFile; fileRef = DDE39B981B04CB7E00E8A267 /* level2.tmx */; };
/* End PBXBuildFile section */

/* Begin PBXContainerItemProxy section */
		DD1FA91E1A5D6402005AF169 /* PBXContainerItemProxy */ = {
			isa = PBXContainerItemProxy;
			containerPortal = DD1FA8FC1A5D6402005AF169 /* Project object */;
			proxyType = 1;
			remoteGlobalIDString = DD1FA9031A5D6402005AF169;
			remoteInfo = Game;
		};
/* End PBXContainerItemProxy section */

/* Begin PBXFileReference section */
		C976047A1E16EACB000CD5EF /* CGFloat+Extensions.swift */ = {isa = PBXFileReference; fileEncoding = 4; lastKnownFileType = sourcecode.swift; path = "CGFloat+Extensions.swift"; sourceTree = "<group>"; };
		C976047B1E16EACB000CD5EF /* CGPoint+Extensions.swift */ = {isa = PBXFileReference; fileEncoding = 4; lastKnownFileType = sourcecode.swift; path = "CGPoint+Extensions.swift"; sourceTree = "<group>"; };
		C976047C1E16EACB000CD5EF /* CGVector+Extensions.swift */ = {isa = PBXFileReference; fileEncoding = 4; lastKnownFileType = sourcecode.swift; path = "CGVector+Extensions.swift"; sourceTree = "<group>"; };
		C976047D1E16EACB000CD5EF /* Int+Extensions.swift */ = {isa = PBXFileReference; fileEncoding = 4; lastKnownFileType = sourcecode.swift; path = "Int+Extensions.swift"; sourceTree = "<group>"; };
		C976047E1E16EACB000CD5EF /* SKAction+Extensions.swift */ = {isa = PBXFileReference; fileEncoding = 4; lastKnownFileType = sourcecode.swift; path = "SKAction+Extensions.swift"; sourceTree = "<group>"; };
		C976047F1E16EACB000CD5EF /* SKAction+SpecialEffects.swift */ = {isa = PBXFileReference; fileEncoding = 4; lastKnownFileType = sourcecode.swift; path = "SKAction+SpecialEffects.swift"; sourceTree = "<group>"; };
		C97604801E16EACB000CD5EF /* SKColor+Extensions.swift */ = {isa = PBXFileReference; fileEncoding = 4; lastKnownFileType = sourcecode.swift; path = "SKColor+Extensions.swift"; sourceTree = "<group>"; };
		C97604811E16EACB000CD5EF /* SKNode+Extensions.swift */ = {isa = PBXFileReference; fileEncoding = 4; lastKnownFileType = sourcecode.swift; path = "SKNode+Extensions.swift"; sourceTree = "<group>"; };
		C97604821E16EACB000CD5EF /* SKTAudio.swift */ = {isa = PBXFileReference; fileEncoding = 4; lastKnownFileType = sourcecode.swift; path = SKTAudio.swift; sourceTree = "<group>"; };
		C97604831E16EACB000CD5EF /* SKTEffects.swift */ = {isa = PBXFileReference; fileEncoding = 4; lastKnownFileType = sourcecode.swift; path = SKTEffects.swift; sourceTree = "<group>"; };
		C97604841E16EACB000CD5EF /* SKTTimingFunctions.swift */ = {isa = PBXFileReference; fileEncoding = 4; lastKnownFileType = sourcecode.swift; path = SKTTimingFunctions.swift; sourceTree = "<group>"; };
		C97604851E16EACB000CD5EF /* Vector3.swift */ = {isa = PBXFileReference; fileEncoding = 4; lastKnownFileType = sourcecode.swift; path = Vector3.swift; sourceTree = "<group>"; };
		C97604921E16ECC1000CD5EF /* SKTUtils.h */ = {isa = PBXFileReference; lastKnownFileType = sourcecode.c.h; path = SKTUtils.h; sourceTree = "<group>"; };
		C97604941E173D48000CD5EF /* libz.tbd */ = {isa = PBXFileReference; lastKnownFileType = "sourcecode.text-based-dylib-definition"; name = libz.tbd; path = usr/lib/libz.tbd; sourceTree = SDKROOT; };
		C97604971E1742D2000CD5EF /* Assets.xcassets */ = {isa = PBXFileReference; lastKnownFileType = folder.assetcatalog; path = Assets.xcassets; sourceTree = "<group>"; };
		DD14C1591ADFFE2000C20D37 /* Koopa.swift */ = {isa = PBXFileReference; fileEncoding = 4; lastKnownFileType = sourcecode.swift; path = Koopa.swift; sourceTree = "<group>"; };
		DD14C1CE1AE17D4E00C20D37 /* MonsterInterface.swift */ = {isa = PBXFileReference; fileEncoding = 4; lastKnownFileType = sourcecode.swift; name = MonsterInterface.swift; path = ../MonsterInterface.swift; sourceTree = "<group>"; };
		DD14C1D01B04B4AB00C20D37 /* JumpingKoopa.swift */ = {isa = PBXFileReference; fileEncoding = 4; lastKnownFileType = sourcecode.swift; path = JumpingKoopa.swift; sourceTree = "<group>"; };
		DD14C1D21B04B87600C20D37 /* RandomKoopa.swift */ = {isa = PBXFileReference; fileEncoding = 4; lastKnownFileType = sourcecode.swift; path = RandomKoopa.swift; sourceTree = "<group>"; };
		DD1FA9081A5D6402005AF169 /* Info.plist */ = {isa = PBXFileReference; lastKnownFileType = text.plist.xml; path = Info.plist; sourceTree = "<group>"; };
		DD1FA9091A5D6402005AF169 /* AppDelegate.swift */ = {isa = PBXFileReference; lastKnownFileType = sourcecode.swift; path = AppDelegate.swift; sourceTree = "<group>"; };
		DD1FA90B1A5D6402005AF169 /* GameScene.sks */ = {isa = PBXFileReference; lastKnownFileType = file.sks; path = GameScene.sks; sourceTree = "<group>"; };
		DD1FA90D1A5D6402005AF169 /* GameScene.swift */ = {isa = PBXFileReference; lastKnownFileType = sourcecode.swift; path = GameScene.swift; sourceTree = "<group>"; };
		DD1FA90F1A5D6402005AF169 /* GameViewController.swift */ = {isa = PBXFileReference; lastKnownFileType = sourcecode.swift; path = GameViewController.swift; sourceTree = "<group>"; };
		DD1FA9121A5D6402005AF169 /* Base */ = {isa = PBXFileReference; lastKnownFileType = file.storyboard; name = Base; path = Base.lproj/Main.storyboard; sourceTree = "<group>"; };
		DD1FA9141A5D6402005AF169 /* Images.xcassets */ = {isa = PBXFileReference; lastKnownFileType = folder.assetcatalog; path = Images.xcassets; sourceTree = "<group>"; };
		DD1FA9171A5D6402005AF169 /* Base */ = {isa = PBXFileReference; lastKnownFileType = file.xib; name = Base; path = Base.lproj/LaunchScreen.xib; sourceTree = "<group>"; };
		DD1FA9221A5D6402005AF169 /* Info.plist */ = {isa = PBXFileReference; lastKnownFileType = text.plist.xml; path = Info.plist; sourceTree = "<group>"; };
		DD1FA9231A5D6402005AF169 /* GameTests.swift */ = {isa = PBXFileReference; lastKnownFileType = sourcecode.swift; path = GameTests.swift; sourceTree = "<group>"; };
		DD224AED1AB6B7EC0017311C /* Game.app */ = {isa = PBXFileReference; explicitFileType = wrapper.application; includeInIndex = 0; path = Game.app; sourceTree = BUILT_PRODUCTS_DIR; };
		DD224AEE1AB6B7EC0017311C /* GameTests.xctest */ = {isa = PBXFileReference; explicitFileType = wrapper.cfbundle; includeInIndex = 0; path = GameTests.xctest; sourceTree = BUILT_PRODUCTS_DIR; };
		DD224AEF1AD1629D0017311C /* Mario.swift */ = {isa = PBXFileReference; fileEncoding = 4; lastKnownFileType = sourcecode.swift; path = Mario.swift; sourceTree = "<group>"; };
		DD36359E1AB48C57008C5FE8 /* JSTileMap.h */ = {isa = PBXFileReference; fileEncoding = 4; lastKnownFileType = sourcecode.c.h; path = JSTileMap.h; sourceTree = "<group>"; };
		DD36359F1AB48C57008C5FE8 /* JSTileMap.m */ = {isa = PBXFileReference; fileEncoding = 4; lastKnownFileType = sourcecode.c.objc; path = JSTileMap.m; sourceTree = "<group>"; };
		DD3635A11AB48E08008C5FE8 /* LFCGzipUtility.h */ = {isa = PBXFileReference; fileEncoding = 4; lastKnownFileType = sourcecode.c.h; name = LFCGzipUtility.h; path = ../LFCGzipUtility.h; sourceTree = "<group>"; };
		DD3635A21AB48E08008C5FE8 /* LFCGzipUtility.m */ = {isa = PBXFileReference; fileEncoding = 4; lastKnownFileType = sourcecode.c.objc; name = LFCGzipUtility.m; path = ../LFCGzipUtility.m; sourceTree = "<group>"; };
		DD3635A41AB48E51008C5FE8 /* Bridging-Header.h */ = {isa = PBXFileReference; lastKnownFileType = sourcecode.c.h; name = "Bridging-Header.h"; path = "../Bridging-Header.h"; sourceTree = "<group>"; };
		DDACF8001AB476A600F3C896 /* OptionsViewController.swift */ = {isa = PBXFileReference; fileEncoding = 4; lastKnownFileType = sourcecode.swift; path = OptionsViewController.swift; sourceTree = "<group>"; };
		DDACF8021AB476FD00F3C896 /* LaunchScreenViewController.swift */ = {isa = PBXFileReference; fileEncoding = 4; lastKnownFileType = sourcecode.swift; path = LaunchScreenViewController.swift; sourceTree = "<group>"; };
		DDACF80B1AB487D000F3C896 /* level1.tmx */ = {isa = PBXFileReference; fileEncoding = 4; lastKnownFileType = text.xml; path = level1.tmx; sourceTree = "<group>"; };
		DDACF80C1AB487D000F3C896 /* tileSet.png */ = {isa = PBXFileReference; lastKnownFileType = image.png; path = tileSet.png; sourceTree = "<group>"; };
		DDACF80D1AB487D000F3C896 /* tileSet@2x.png */ = {isa = PBXFileReference; lastKnownFileType = image.png; path = "tileSet@2x.png"; sourceTree = "<group>"; };
		DDD3985F1AD545A000E3B0BB /* ReplayScene.swift */ = {isa = PBXFileReference; fileEncoding = 4; lastKnownFileType = sourcecode.swift; name = ReplayScene.swift; path = ../ReplayScene.swift; sourceTree = "<group>"; };
		DDD398611AD66EB800E3B0BB /* Mario Bros Theme.mp3 */ = {isa = PBXFileReference; lastKnownFileType = audio.mp3; name = "Mario Bros Theme.mp3"; path = "../Mario Bros Theme.mp3"; sourceTree = "<group>"; };
		DDE39B961B04CAF600E8A267 /* GameSceneLevel2.swift */ = {isa = PBXFileReference; fileEncoding = 4; lastKnownFileType = sourcecode.swift; path = GameSceneLevel2.swift; sourceTree = SOURCE_ROOT; };
		DDE39B981B04CB7E00E8A267 /* level2.tmx */ = {isa = PBXFileReference; fileEncoding = 4; lastKnownFileType = text.xml; path = level2.tmx; sourceTree = "<group>"; };
/* End PBXFileReference section */

/* Begin PBXFrameworksBuildPhase section */
		DD1FA9011A5D6402005AF169 /* Frameworks */ = {
			isa = PBXFrameworksBuildPhase;
			buildActionMask = 2147483647;
			files = (
				C97604951E173D48000CD5EF /* libz.tbd in Frameworks */,
			);
			runOnlyForDeploymentPostprocessing = 0;
		};
		DD1FA91A1A5D6402005AF169 /* Frameworks */ = {
			isa = PBXFrameworksBuildPhase;
			buildActionMask = 2147483647;
			files = (
			);
			runOnlyForDeploymentPostprocessing = 0;
		};
/* End PBXFrameworksBuildPhase section */

/* Begin PBXGroup section */
		C97604931E173D47000CD5EF /* Frameworks */ = {
			isa = PBXGroup;
			children = (
				C97604941E173D48000CD5EF /* libz.tbd */,
			);
			name = Frameworks;
			sourceTree = "<group>";
		};
		C97604961E1742BE000CD5EF /* Assets */ = {
			isa = PBXGroup;
			children = (
				C97604971E1742D2000CD5EF /* Assets.xcassets */,
				DD1FA9141A5D6402005AF169 /* Images.xcassets */,
			);
			name = Assets;
			sourceTree = "<group>";
		};
		DD1FA8FB1A5D6402005AF169 = {
			isa = PBXGroup;
			children = (
				DD1FA9061A5D6402005AF169 /* Game */,
				DD224AED1AB6B7EC0017311C /* Game.app */,
				DD1FA9201A5D6402005AF169 /* GameTests */,
				DD224AEE1AB6B7EC0017311C /* GameTests.xctest */,
				C97604931E173D47000CD5EF /* Frameworks */,
			);
			sourceTree = "<group>";
		};
		DD1FA9061A5D6402005AF169 /* Game */ = {
			isa = PBXGroup;
			children = (
				C97604961E1742BE000CD5EF /* Assets */,
				DD14C1CE1AE17D4E00C20D37 /* MonsterInterface.swift */,
				DD1FA90B1A5D6402005AF169 /* GameScene.sks */,
				DD1FA9091A5D6402005AF169 /* AppDelegate.swift */,
				DD1FA90D1A5D6402005AF169 /* GameScene.swift */,
				DDE39B961B04CAF600E8A267 /* GameSceneLevel2.swift */,
				DD1FA90F1A5D6402005AF169 /* GameViewController.swift */,
				DD14C1591ADFFE2000C20D37 /* Koopa.swift */,
				DD14C1D01B04B4AB00C20D37 /* JumpingKoopa.swift */,
				DD14C1D21B04B87600C20D37 /* RandomKoopa.swift */,
				DDACF8021AB476FD00F3C896 /* LaunchScreenViewController.swift */,
				DD224AEF1AD1629D0017311C /* Mario.swift */,
				DDACF8001AB476A600F3C896 /* OptionsViewController.swift */,
				DDD3985F1AD545A000E3B0BB /* ReplayScene.swift */,
				DDACF8041AB4838A00F3C896 /* JSTileMap */,
				DD1FA9161A5D6402005AF169 /* LaunchScreen.xib */,
				DD1FA9111A5D6402005AF169 /* Main.storyboard */,
				DDACF7FF1AB3381300F3C896 /* music */,
				DD224B091AD1723B0017311C /* SKUtils */,
				DD1FA9071A5D6402005AF169 /* Supporting Files */,
			);
			path = Game;
			sourceTree = "<group>";
		};
		DD1FA9071A5D6402005AF169 /* Supporting Files */ = {
			isa = PBXGroup;
			children = (
				DD3635A41AB48E51008C5FE8 /* Bridging-Header.h */,
				DD1FA9081A5D6402005AF169 /* Info.plist */,
			);
			name = "Supporting Files";
			sourceTree = "<group>";
		};
		DD1FA9201A5D6402005AF169 /* GameTests */ = {
			isa = PBXGroup;
			children = (
				DD1FA9231A5D6402005AF169 /* GameTests.swift */,
				DD1FA9211A5D6402005AF169 /* Supporting Files */,
			);
			path = GameTests;
			sourceTree = "<group>";
		};
		DD1FA9211A5D6402005AF169 /* Supporting Files */ = {
			isa = PBXGroup;
			children = (
				DD1FA9221A5D6402005AF169 /* Info.plist */,
			);
			name = "Supporting Files";
			sourceTree = "<group>";
		};
		DD224B091AD1723B0017311C /* SKUtils */ = {
			isa = PBXGroup;
			children = (
				C97604921E16ECC1000CD5EF /* SKTUtils.h */,
				C976047A1E16EACB000CD5EF /* CGFloat+Extensions.swift */,
				C976047B1E16EACB000CD5EF /* CGPoint+Extensions.swift */,
				C976047C1E16EACB000CD5EF /* CGVector+Extensions.swift */,
				C976047D1E16EACB000CD5EF /* Int+Extensions.swift */,
				C976047E1E16EACB000CD5EF /* SKAction+Extensions.swift */,
				C976047F1E16EACB000CD5EF /* SKAction+SpecialEffects.swift */,
				C97604801E16EACB000CD5EF /* SKColor+Extensions.swift */,
				C97604811E16EACB000CD5EF /* SKNode+Extensions.swift */,
				C97604821E16EACB000CD5EF /* SKTAudio.swift */,
				C97604831E16EACB000CD5EF /* SKTEffects.swift */,
				C97604841E16EACB000CD5EF /* SKTTimingFunctions.swift */,
				C97604851E16EACB000CD5EF /* Vector3.swift */,
			);
			name = SKUtils;
			sourceTree = "<group>";
		};
		DDACF7FF1AB3381300F3C896 /* music */ = {
			isa = PBXGroup;
			children = (
				DDD398611AD66EB800E3B0BB /* Mario Bros Theme.mp3 */,
			);
			name = music;
			sourceTree = "<group>";
		};
		DDACF8041AB4838A00F3C896 /* JSTileMap */ = {
			isa = PBXGroup;
			children = (
				DD3635A21AB48E08008C5FE8 /* LFCGzipUtility.m */,
				DD3635A11AB48E08008C5FE8 /* LFCGzipUtility.h */,
				DD36359E1AB48C57008C5FE8 /* JSTileMap.h */,
				DD36359F1AB48C57008C5FE8 /* JSTileMap.m */,
				DDACF80B1AB487D000F3C896 /* level1.tmx */,
				DDE39B981B04CB7E00E8A267 /* level2.tmx */,
				DDACF80C1AB487D000F3C896 /* tileSet.png */,
				DDACF80D1AB487D000F3C896 /* tileSet@2x.png */,
			);
			name = JSTileMap;
			sourceTree = "<group>";
		};
/* End PBXGroup section */

/* Begin PBXNativeTarget section */
		DD1FA9031A5D6402005AF169 /* Game */ = {
			isa = PBXNativeTarget;
			buildConfigurationList = DD1FA9271A5D6402005AF169 /* Build configuration list for PBXNativeTarget "Game" */;
			buildPhases = (
				DD1FA9001A5D6402005AF169 /* Sources */,
				DD1FA9011A5D6402005AF169 /* Frameworks */,
				DD1FA9021A5D6402005AF169 /* Resources */,
			);
			buildRules = (
			);
			dependencies = (
			);
			name = Game;
			productName = Game;
			productReference = DD224AED1AB6B7EC0017311C /* Game.app */;
			productType = "com.apple.product-type.application";
		};
		DD1FA91C1A5D6402005AF169 /* GameTests */ = {
			isa = PBXNativeTarget;
			buildConfigurationList = DD1FA92A1A5D6402005AF169 /* Build configuration list for PBXNativeTarget "GameTests" */;
			buildPhases = (
				DD1FA9191A5D6402005AF169 /* Sources */,
				DD1FA91A1A5D6402005AF169 /* Frameworks */,
				DD1FA91B1A5D6402005AF169 /* Resources */,
			);
			buildRules = (
			);
			dependencies = (
				DD1FA91F1A5D6402005AF169 /* PBXTargetDependency */,
			);
			name = GameTests;
			productName = GameTests;
			productReference = DD224AEE1AB6B7EC0017311C /* GameTests.xctest */;
			productType = "com.apple.product-type.bundle.unit-test";
		};
/* End PBXNativeTarget section */

/* Begin PBXProject section */
		DD1FA8FC1A5D6402005AF169 /* Project object */ = {
			isa = PBXProject;
			attributes = {
				LastUpgradeCheck = 0820;
				ORGANIZATIONNAME = "Marvin Muuss";
				TargetAttributes = {
					DD1FA9031A5D6402005AF169 = {
						CreatedOnToolsVersion = 6.1.1;
						LastSwiftMigration = 0820;
						ProvisioningStyle = Manual;
					};
					DD1FA91C1A5D6402005AF169 = {
						CreatedOnToolsVersion = 6.1.1;
						LastSwiftMigration = 0820;
						TestTargetID = DD1FA9031A5D6402005AF169;
					};
				};
			};
			buildConfigurationList = DD1FA8FF1A5D6402005AF169 /* Build configuration list for PBXProject "Game" */;
			compatibilityVersion = "Xcode 3.2";
			developmentRegion = English;
			hasScannedForEncodings = 0;
			knownRegions = (
				en,
				Base,
			);
			mainGroup = DD1FA8FB1A5D6402005AF169;
			productRefGroup = DD1FA8FB1A5D6402005AF169;
			projectDirPath = "";
			projectRoot = "";
			targets = (
				DD1FA9031A5D6402005AF169 /* Game */,
				DD1FA91C1A5D6402005AF169 /* GameTests */,
			);
		};
/* End PBXProject section */

/* Begin PBXResourcesBuildPhase section */
		DD1FA9021A5D6402005AF169 /* Resources */ = {
			isa = PBXResourcesBuildPhase;
			buildActionMask = 2147483647;
			files = (
				DDD398621AD66EB800E3B0BB /* Mario Bros Theme.mp3 in Resources */,
				DDACF80E1AB487D000F3C896 /* level1.tmx in Resources */,
				DD1FA9181A5D6402005AF169 /* LaunchScreen.xib in Resources */,
				DD1FA9151A5D6402005AF169 /* Images.xcassets in Resources */,
				C97604981E1742D2000CD5EF /* Assets.xcassets in Resources */,
				DD1FA90C1A5D6402005AF169 /* GameScene.sks in Resources */,
				DDE39B991B04CB7E00E8A267 /* level2.tmx in Resources */,
				DDACF80F1AB487D000F3C896 /* tileSet.png in Resources */,
				DDACF8101AB487D000F3C896 /* tileSet@2x.png in Resources */,
				DD1FA9131A5D6402005AF169 /* Main.storyboard in Resources */,
			);
			runOnlyForDeploymentPostprocessing = 0;
		};
		DD1FA91B1A5D6402005AF169 /* Resources */ = {
			isa = PBXResourcesBuildPhase;
			buildActionMask = 2147483647;
			files = (
			);
			runOnlyForDeploymentPostprocessing = 0;
		};
/* End PBXResourcesBuildPhase section */

/* Begin PBXSourcesBuildPhase section */
		DD1FA9001A5D6402005AF169 /* Sources */ = {
			isa = PBXSourcesBuildPhase;
			buildActionMask = 2147483647;
			files = (
				DD14C15A1ADFFE2000C20D37 /* Koopa.swift in Sources */,
				C976048A1E16EACB000CD5EF /* SKAction+Extensions.swift in Sources */,
				C97604861E16EACB000CD5EF /* CGFloat+Extensions.swift in Sources */,
				C97604871E16EACB000CD5EF /* CGPoint+Extensions.swift in Sources */,
				C97604891E16EACB000CD5EF /* Int+Extensions.swift in Sources */,
				DD14C1D11B04B4AB00C20D37 /* JumpingKoopa.swift in Sources */,
				DD1FA90E1A5D6402005AF169 /* GameScene.swift in Sources */,
				C97604881E16EACB000CD5EF /* CGVector+Extensions.swift in Sources */,
				C976048E1E16EACB000CD5EF /* SKTAudio.swift in Sources */,
				C976048B1E16EACB000CD5EF /* SKAction+SpecialEffects.swift in Sources */,
				DD1FA9101A5D6402005AF169 /* GameViewController.swift in Sources */,
				DD3635A01AB48C57008C5FE8 /* JSTileMap.m in Sources */,
				DD1FA90A1A5D6402005AF169 /* AppDelegate.swift in Sources */,
				C976048F1E16EACB000CD5EF /* SKTEffects.swift in Sources */,
				DD14C1D31B04B87600C20D37 /* RandomKoopa.swift in Sources */,
				DDACF8031AB476FD00F3C896 /* LaunchScreenViewController.swift in Sources */,
				C97604901E16EACB000CD5EF /* SKTTimingFunctions.swift in Sources */,
				DDE39B971B04CAF600E8A267 /* GameSceneLevel2.swift in Sources */,
				DDD398601AD545A000E3B0BB /* ReplayScene.swift in Sources */,
				C976048C1E16EACB000CD5EF /* SKColor+Extensions.swift in Sources */,
				DD14C1CF1AE17D4E00C20D37 /* MonsterInterface.swift in Sources */,
				DD3635A31AB48E08008C5FE8 /* LFCGzipUtility.m in Sources */,
				C976048D1E16EACB000CD5EF /* SKNode+Extensions.swift in Sources */,
				DD224AF01AD1629D0017311C /* Mario.swift in Sources */,
				C97604911E16EACB000CD5EF /* Vector3.swift in Sources */,
				DDACF8011AB476A600F3C896 /* OptionsViewController.swift in Sources */,
			);
			runOnlyForDeploymentPostprocessing = 0;
		};
		DD1FA9191A5D6402005AF169 /* Sources */ = {
			isa = PBXSourcesBuildPhase;
			buildActionMask = 2147483647;
			files = (
				DD1FA9241A5D6402005AF169 /* GameTests.swift in Sources */,
			);
			runOnlyForDeploymentPostprocessing = 0;
		};
/* End PBXSourcesBuildPhase section */

/* Begin PBXTargetDependency section */
		DD1FA91F1A5D6402005AF169 /* PBXTargetDependency */ = {
			isa = PBXTargetDependency;
			target = DD1FA9031A5D6402005AF169 /* Game */;
			targetProxy = DD1FA91E1A5D6402005AF169 /* PBXContainerItemProxy */;
		};
/* End PBXTargetDependency section */

/* Begin PBXVariantGroup section */
		DD1FA9111A5D6402005AF169 /* Main.storyboard */ = {
			isa = PBXVariantGroup;
			children = (
				DD1FA9121A5D6402005AF169 /* Base */,
			);
			name = Main.storyboard;
			sourceTree = "<group>";
		};
		DD1FA9161A5D6402005AF169 /* LaunchScreen.xib */ = {
			isa = PBXVariantGroup;
			children = (
				DD1FA9171A5D6402005AF169 /* Base */,
			);
			name = LaunchScreen.xib;
			sourceTree = "<group>";
		};
/* End PBXVariantGroup section */

/* Begin XCBuildConfiguration section */
		DD1FA9251A5D6402005AF169 /* Debug */ = {
			isa = XCBuildConfiguration;
			buildSettings = {
				ALWAYS_SEARCH_USER_PATHS = NO;
				CLANG_CXX_LANGUAGE_STANDARD = "gnu++0x";
				CLANG_CXX_LIBRARY = "libc++";
				CLANG_ENABLE_MODULES = YES;
				CLANG_ENABLE_OBJC_ARC = YES;
				CLANG_WARN_BOOL_CONVERSION = YES;
				CLANG_WARN_CONSTANT_CONVERSION = YES;
				CLANG_WARN_DIRECT_OBJC_ISA_USAGE = YES_ERROR;
				CLANG_WARN_EMPTY_BODY = YES;
				CLANG_WARN_ENUM_CONVERSION = YES;
				CLANG_WARN_INFINITE_RECURSION = YES;
				CLANG_WARN_INT_CONVERSION = YES;
				CLANG_WARN_OBJC_ROOT_CLASS = YES_ERROR;
				CLANG_WARN_SUSPICIOUS_MOVE = YES;
				CLANG_WARN_UNREACHABLE_CODE = YES;
				CLANG_WARN__DUPLICATE_METHOD_MATCH = YES;
				"CODE_SIGN_IDENTITY[sdk=iphoneos*]" = "";
				COPY_PHASE_STRIP = NO;
				ENABLE_STRICT_OBJC_MSGSEND = YES;
				ENABLE_TESTABILITY = YES;
				GCC_C_LANGUAGE_STANDARD = gnu99;
				GCC_DYNAMIC_NO_PIC = NO;
				GCC_NO_COMMON_BLOCKS = YES;
				GCC_OPTIMIZATION_LEVEL = 0;
				GCC_PREPROCESSOR_DEFINITIONS = (
					"DEBUG=1",
					"$(inherited)",
				);
				GCC_SYMBOLS_PRIVATE_EXTERN = NO;
				GCC_WARN_64_TO_32_BIT_CONVERSION = YES;
				GCC_WARN_ABOUT_RETURN_TYPE = YES_ERROR;
				GCC_WARN_UNDECLARED_SELECTOR = YES;
				GCC_WARN_UNINITIALIZED_AUTOS = YES_AGGRESSIVE;
				GCC_WARN_UNUSED_FUNCTION = YES;
				GCC_WARN_UNUSED_VARIABLE = YES;
				IPHONEOS_DEPLOYMENT_TARGET = 8.1;
				MTL_ENABLE_DEBUG_INFO = YES;
				ONLY_ACTIVE_ARCH = YES;
				SDKROOT = iphoneos;
				SWIFT_OPTIMIZATION_LEVEL = "-Onone";
			};
			name = Debug;
		};
		DD1FA9261A5D6402005AF169 /* Release */ = {
			isa = XCBuildConfiguration;
			buildSettings = {
				ALWAYS_SEARCH_USER_PATHS = NO;
				CLANG_CXX_LANGUAGE_STANDARD = "gnu++0x";
				CLANG_CXX_LIBRARY = "libc++";
				CLANG_ENABLE_MODULES = YES;
				CLANG_ENABLE_OBJC_ARC = YES;
				CLANG_WARN_BOOL_CONVERSION = YES;
				CLANG_WARN_CONSTANT_CONVERSION = YES;
				CLANG_WARN_DIRECT_OBJC_ISA_USAGE = YES_ERROR;
				CLANG_WARN_EMPTY_BODY = YES;
				CLANG_WARN_ENUM_CONVERSION = YES;
				CLANG_WARN_INFINITE_RECURSION = YES;
				CLANG_WARN_INT_CONVERSION = YES;
				CLANG_WARN_OBJC_ROOT_CLASS = YES_ERROR;
				CLANG_WARN_SUSPICIOUS_MOVE = YES;
				CLANG_WARN_UNREACHABLE_CODE = YES;
				CLANG_WARN__DUPLICATE_METHOD_MATCH = YES;
				"CODE_SIGN_IDENTITY[sdk=iphoneos*]" = "";
				COPY_PHASE_STRIP = YES;
				ENABLE_NS_ASSERTIONS = NO;
				ENABLE_STRICT_OBJC_MSGSEND = YES;
				GCC_C_LANGUAGE_STANDARD = gnu99;
				GCC_NO_COMMON_BLOCKS = YES;
				GCC_WARN_64_TO_32_BIT_CONVERSION = YES;
				GCC_WARN_ABOUT_RETURN_TYPE = YES_ERROR;
				GCC_WARN_UNDECLARED_SELECTOR = YES;
				GCC_WARN_UNINITIALIZED_AUTOS = YES_AGGRESSIVE;
				GCC_WARN_UNUSED_FUNCTION = YES;
				GCC_WARN_UNUSED_VARIABLE = YES;
				IPHONEOS_DEPLOYMENT_TARGET = 8.1;
				MTL_ENABLE_DEBUG_INFO = NO;
				SDKROOT = iphoneos;
				SWIFT_OPTIMIZATION_LEVEL = "-Owholemodule";
				VALIDATE_PRODUCT = YES;
			};
			name = Release;
		};
		DD1FA9281A5D6402005AF169 /* Debug */ = {
			isa = XCBuildConfiguration;
			buildSettings = {
				ASSETCATALOG_COMPILER_APPICON_NAME = AppIcon;
				"CODE_SIGN_IDENTITY[sdk=iphoneos*]" = "iPhone Developer";
				DEFINES_MODULE = YES;
				DEVELOPMENT_TEAM = "";
				INFOPLIST_FILE = Game/Info.plist;
				LD_RUNPATH_SEARCH_PATHS = "$(inherited) @executable_path/Frameworks";
				PRODUCT_BUNDLE_IDENTIFIER = "com.marvinmuuss.$(PRODUCT_NAME:rfc1034identifier)";
				PRODUCT_NAME = "$(TARGET_NAME)";
				SWIFT_OBJC_BRIDGING_HEADER = "Bridging-Header.h";
				SWIFT_VERSION = 3.0;
			};
			name = Debug;
		};
		DD1FA9291A5D6402005AF169 /* Release */ = {
			isa = XCBuildConfiguration;
			buildSettings = {
				ASSETCATALOG_COMPILER_APPICON_NAME = AppIcon;
				"CODE_SIGN_IDENTITY[sdk=iphoneos*]" = "iPhone Developer";
				DEFINES_MODULE = YES;
				DEVELOPMENT_TEAM = "";
				INFOPLIST_FILE = Game/Info.plist;
				LD_RUNPATH_SEARCH_PATHS = "$(inherited) @executable_path/Frameworks";
				PRODUCT_BUNDLE_IDENTIFIER = "com.marvinmuuss.$(PRODUCT_NAME:rfc1034identifier)";
				PRODUCT_NAME = "$(TARGET_NAME)";
				SWIFT_OBJC_BRIDGING_HEADER = "Bridging-Header.h";
				SWIFT_VERSION = 3.0;
			};
			name = Release;
		};
		DD1FA92B1A5D6402005AF169 /* Debug */ = {
			isa = XCBuildConfiguration;
			buildSettings = {
				BUNDLE_LOADER = "$(TEST_HOST)";
				FRAMEWORK_SEARCH_PATHS = (
					"$(SDKROOT)/Developer/Library/Frameworks",
					"$(inherited)",
				);
				GCC_PREPROCESSOR_DEFINITIONS = (
					"DEBUG=1",
					"$(inherited)",
				);
				INFOPLIST_FILE = GameTests/Info.plist;
				LD_RUNPATH_SEARCH_PATHS = "$(inherited) @executable_path/Frameworks @loader_path/Frameworks";
				PRODUCT_BUNDLE_IDENTIFIER = "com.marvinmuuss.$(PRODUCT_NAME:rfc1034identifier)";
				PRODUCT_NAME = "$(TARGET_NAME)";
				SWIFT_VERSION = 3.0;
				TEST_HOST = "$(BUILT_PRODUCTS_DIR)/Game.app/Game";
			};
			name = Debug;
		};
		DD1FA92C1A5D6402005AF169 /* Release */ = {
			isa = XCBuildConfiguration;
			buildSettings = {
				BUNDLE_LOADER = "$(TEST_HOST)";
				FRAMEWORK_SEARCH_PATHS = (
					"$(SDKROOT)/Developer/Library/Frameworks",
					"$(inherited)",
				);
				INFOPLIST_FILE = GameTests/Info.plist;
				LD_RUNPATH_SEARCH_PATHS = "$(inherited) @executable_path/Frameworks @loader_path/Frameworks";
				PRODUCT_BUNDLE_IDENTIFIER = "com.marvinmuuss.$(PRODUCT_NAME:rfc1034identifier)";
				PRODUCT_NAME = "$(TARGET_NAME)";
				SWIFT_VERSION = 3.0;
				TEST_HOST = "$(BUILT_PRODUCTS_DIR)/Game.app/Game";
			};
			name = Release;
		};
/* End XCBuildConfiguration section */

/* Begin XCConfigurationList section */
		DD1FA8FF1A5D6402005AF169 /* Build configuration list for PBXProject "Game" */ = {
			isa = XCConfigurationList;
			buildConfigurations = (
				DD1FA9251A5D6402005AF169 /* Debug */,
				DD1FA9261A5D6402005AF169 /* Release */,
			);
			defaultConfigurationIsVisible = 0;
			defaultConfigurationName = Release;
		};
		DD1FA9271A5D6402005AF169 /* Build configuration list for PBXNativeTarget "Game" */ = {
			isa = XCConfigurationList;
			buildConfigurations = (
				DD1FA9281A5D6402005AF169 /* Debug */,
				DD1FA9291A5D6402005AF169 /* Release */,
			);
			defaultConfigurationIsVisible = 0;
			defaultConfigurationName = Release;
		};
		DD1FA92A1A5D6402005AF169 /* Build configuration list for PBXNativeTarget "GameTests" */ = {
			isa = XCConfigurationList;
			buildConfigurations = (
				DD1FA92B1A5D6402005AF169 /* Debug */,
				DD1FA92C1A5D6402005AF169 /* Release */,
			);
			defaultConfigurationIsVisible = 0;
			defaultConfigurationName = Release;
		};
/* End XCConfigurationList section */
	};
	rootObject = DD1FA8FC1A5D6402005AF169 /* Project object */;
}
