// !$*UTF8*$!
{
	archiveVersion = 1;
	classes = {
	};
	objectVersion = 46;
	objects = {

/* Begin PBXBuildFile section */
		DD1FA90A1A5D6402005AF169 /* AppDelegate.swift in Sources */ = {isa = PBXBuildFile; fileRef = DD1FA9091A5D6402005AF169 /* AppDelegate.swift */; };
		DD1FA90C1A5D6402005AF169 /* GameScene.sks in Resources */ = {isa = PBXBuildFile; fileRef = DD1FA90B1A5D6402005AF169 /* GameScene.sks */; };
		DD1FA90E1A5D6402005AF169 /* GameScene.swift in Sources */ = {isa = PBXBuildFile; fileRef = DD1FA90D1A5D6402005AF169 /* GameScene.swift */; };
		DD1FA9101A5D6402005AF169 /* GameViewController.swift in Sources */ = {isa = PBXBuildFile; fileRef = DD1FA90F1A5D6402005AF169 /* GameViewController.swift */; };
		DD1FA9131A5D6402005AF169 /* Main.storyboard in Resources */ = {isa = PBXBuildFile; fileRef = DD1FA9111A5D6402005AF169 /* Main.storyboard */; };
		DD1FA9151A5D6402005AF169 /* Images.xcassets in Resources */ = {isa = PBXBuildFile; fileRef = DD1FA9141A5D6402005AF169 /* Images.xcassets */; };
		DD1FA9181A5D6402005AF169 /* LaunchScreen.xib in Resources */ = {isa = PBXBuildFile; fileRef = DD1FA9161A5D6402005AF169 /* LaunchScreen.xib */; };
		DD1FA9241A5D6402005AF169 /* GameTests.swift in Sources */ = {isa = PBXBuildFile; fileRef = DD1FA9231A5D6402005AF169 /* GameTests.swift */; };
		DD224AF01AD1629D0017311C /* Player.swift in Sources */ = {isa = PBXBuildFile; fileRef = DD224AEF1AD1629D0017311C /* Player.swift */; };
		DD224AFD1AD1722D0017311C /* CGFloat+Extensions.swift in Sources */ = {isa = PBXBuildFile; fileRef = DD224AF11AD1722D0017311C /* CGFloat+Extensions.swift */; };
		DD224AFE1AD1722D0017311C /* CGPoint+Extensions.swift in Sources */ = {isa = PBXBuildFile; fileRef = DD224AF21AD1722D0017311C /* CGPoint+Extensions.swift */; };
		DD224AFF1AD1722D0017311C /* CGVector+Extensions.swift in Sources */ = {isa = PBXBuildFile; fileRef = DD224AF31AD1722D0017311C /* CGVector+Extensions.swift */; };
		DD224B001AD1722D0017311C /* Int+Extensions.swift in Sources */ = {isa = PBXBuildFile; fileRef = DD224AF41AD1722D0017311C /* Int+Extensions.swift */; };
		DD224B011AD1722D0017311C /* SKAction+Extensions.swift in Sources */ = {isa = PBXBuildFile; fileRef = DD224AF51AD1722D0017311C /* SKAction+Extensions.swift */; };
		DD224B021AD1722D0017311C /* SKAction+SpecialEffects.swift in Sources */ = {isa = PBXBuildFile; fileRef = DD224AF61AD1722D0017311C /* SKAction+SpecialEffects.swift */; };
		DD224B031AD1722D0017311C /* SKColor+Extensions.swift in Sources */ = {isa = PBXBuildFile; fileRef = DD224AF71AD1722D0017311C /* SKColor+Extensions.swift */; };
		DD224B041AD1722D0017311C /* SKNode+Extensions.swift in Sources */ = {isa = PBXBuildFile; fileRef = DD224AF81AD1722D0017311C /* SKNode+Extensions.swift */; };
		DD224B051AD1722D0017311C /* SKTAudio.swift in Sources */ = {isa = PBXBuildFile; fileRef = DD224AF91AD1722D0017311C /* SKTAudio.swift */; };
		DD224B061AD1722D0017311C /* SKTEffects.swift in Sources */ = {isa = PBXBuildFile; fileRef = DD224AFA1AD1722D0017311C /* SKTEffects.swift */; };
		DD224B071AD1722D0017311C /* SKTTimingFunctions.swift in Sources */ = {isa = PBXBuildFile; fileRef = DD224AFB1AD1722D0017311C /* SKTTimingFunctions.swift */; };
		DD224B081AD1722D0017311C /* Vector3.swift in Sources */ = {isa = PBXBuildFile; fileRef = DD224AFC1AD1722D0017311C /* Vector3.swift */; };
		DD224B101AD521180017311C /* level1.mp3 in Resources */ = {isa = PBXBuildFile; fileRef = DD224B0F1AD521180017311C /* level1.mp3 */; };
		DD3635A01AB48C57008C5FE8 /* JSTileMap.m in Sources */ = {isa = PBXBuildFile; fileRef = DD36359F1AB48C57008C5FE8 /* JSTileMap.m */; };
		DD3635A31AB48E08008C5FE8 /* LFCGzipUtility.m in Sources */ = {isa = PBXBuildFile; fileRef = DD3635A21AB48E08008C5FE8 /* LFCGzipUtility.m */; };
		DD3635A61AB49178008C5FE8 /* libz.dylib in Frameworks */ = {isa = PBXBuildFile; fileRef = DD3635A51AB49178008C5FE8 /* libz.dylib */; };
		DDACF8011AB476A600F3C896 /* OptionsViewController.swift in Sources */ = {isa = PBXBuildFile; fileRef = DDACF8001AB476A600F3C896 /* OptionsViewController.swift */; };
		DDACF8031AB476FD00F3C896 /* LaunchScreenViewController.swift in Sources */ = {isa = PBXBuildFile; fileRef = DDACF8021AB476FD00F3C896 /* LaunchScreenViewController.swift */; };
		DDACF80E1AB487D000F3C896 /* level1.tmx in Resources */ = {isa = PBXBuildFile; fileRef = DDACF80B1AB487D000F3C896 /* level1.tmx */; };
		DDACF80F1AB487D000F3C896 /* tileSet.png in Resources */ = {isa = PBXBuildFile; fileRef = DDACF80C1AB487D000F3C896 /* tileSet.png */; };
		DDACF8101AB487D000F3C896 /* tileSet@2x.png in Resources */ = {isa = PBXBuildFile; fileRef = DDACF80D1AB487D000F3C896 /* tileSet@2x.png */; };
		DDD398601AD545A000E3B0BB /* ReplayScene.swift in Sources */ = {isa = PBXBuildFile; fileRef = DDD3985F1AD545A000E3B0BB /* ReplayScene.swift */; };
/* End PBXBuildFile section */

/* Begin PBXContainerItemProxy section */
		DD1FA91E1A5D6402005AF169 /* PBXContainerItemProxy */ = {
			isa = PBXContainerItemProxy;
			containerPortal = DD1FA8FC1A5D6402005AF169 /* Project object */;
			proxyType = 1;
			remoteGlobalIDString = DD1FA9031A5D6402005AF169;
			remoteInfo = Game;
		};
/* End PBXContainerItemProxy section */

/* Begin PBXFileReference section */
		DD1FA9081A5D6402005AF169 /* Info.plist */ = {isa = PBXFileReference; lastKnownFileType = text.plist.xml; path = Info.plist; sourceTree = "<group>"; };
		DD1FA9091A5D6402005AF169 /* AppDelegate.swift */ = {isa = PBXFileReference; lastKnownFileType = sourcecode.swift; path = AppDelegate.swift; sourceTree = "<group>"; };
		DD1FA90B1A5D6402005AF169 /* GameScene.sks */ = {isa = PBXFileReference; lastKnownFileType = file.sks; path = GameScene.sks; sourceTree = "<group>"; };
		DD1FA90D1A5D6402005AF169 /* GameScene.swift */ = {isa = PBXFileReference; lastKnownFileType = sourcecode.swift; path = GameScene.swift; sourceTree = "<group>"; };
		DD1FA90F1A5D6402005AF169 /* GameViewController.swift */ = {isa = PBXFileReference; lastKnownFileType = sourcecode.swift; path = GameViewController.swift; sourceTree = "<group>"; };
		DD1FA9121A5D6402005AF169 /* Base */ = {isa = PBXFileReference; lastKnownFileType = file.storyboard; name = Base; path = Base.lproj/Main.storyboard; sourceTree = "<group>"; };
		DD1FA9141A5D6402005AF169 /* Images.xcassets */ = {isa = PBXFileReference; lastKnownFileType = folder.assetcatalog; path = Images.xcassets; sourceTree = "<group>"; };
		DD1FA9171A5D6402005AF169 /* Base */ = {isa = PBXFileReference; lastKnownFileType = file.xib; name = Base; path = Base.lproj/LaunchScreen.xib; sourceTree = "<group>"; };
		DD1FA9221A5D6402005AF169 /* Info.plist */ = {isa = PBXFileReference; lastKnownFileType = text.plist.xml; path = Info.plist; sourceTree = "<group>"; };
		DD1FA9231A5D6402005AF169 /* GameTests.swift */ = {isa = PBXFileReference; lastKnownFileType = sourcecode.swift; path = GameTests.swift; sourceTree = "<group>"; };
		DD224AED1AB6B7EC0017311C /* Game.app */ = {isa = PBXFileReference; explicitFileType = wrapper.application; includeInIndex = 0; path = Game.app; sourceTree = BUILT_PRODUCTS_DIR; };
		DD224AEE1AB6B7EC0017311C /* GameTests.xctest */ = {isa = PBXFileReference; explicitFileType = wrapper.cfbundle; includeInIndex = 0; path = GameTests.xctest; sourceTree = BUILT_PRODUCTS_DIR; };
		DD224AEF1AD1629D0017311C /* Player.swift */ = {isa = PBXFileReference; fileEncoding = 4; lastKnownFileType = sourcecode.swift; path = Player.swift; sourceTree = "<group>"; };
		DD224AF11AD1722D0017311C /* CGFloat+Extensions.swift */ = {isa = PBXFileReference; fileEncoding = 4; lastKnownFileType = sourcecode.swift; path = "CGFloat+Extensions.swift"; sourceTree = "<group>"; };
		DD224AF21AD1722D0017311C /* CGPoint+Extensions.swift */ = {isa = PBXFileReference; fileEncoding = 4; lastKnownFileType = sourcecode.swift; path = "CGPoint+Extensions.swift"; sourceTree = "<group>"; };
		DD224AF31AD1722D0017311C /* CGVector+Extensions.swift */ = {isa = PBXFileReference; fileEncoding = 4; lastKnownFileType = sourcecode.swift; path = "CGVector+Extensions.swift"; sourceTree = "<group>"; };
		DD224AF41AD1722D0017311C /* Int+Extensions.swift */ = {isa = PBXFileReference; fileEncoding = 4; lastKnownFileType = sourcecode.swift; path = "Int+Extensions.swift"; sourceTree = "<group>"; };
		DD224AF51AD1722D0017311C /* SKAction+Extensions.swift */ = {isa = PBXFileReference; fileEncoding = 4; lastKnownFileType = sourcecode.swift; path = "SKAction+Extensions.swift"; sourceTree = "<group>"; };
		DD224AF61AD1722D0017311C /* SKAction+SpecialEffects.swift */ = {isa = PBXFileReference; fileEncoding = 4; lastKnownFileType = sourcecode.swift; path = "SKAction+SpecialEffects.swift"; sourceTree = "<group>"; };
		DD224AF71AD1722D0017311C /* SKColor+Extensions.swift */ = {isa = PBXFileReference; fileEncoding = 4; lastKnownFileType = sourcecode.swift; path = "SKColor+Extensions.swift"; sourceTree = "<group>"; };
		DD224AF81AD1722D0017311C /* SKNode+Extensions.swift */ = {isa = PBXFileReference; fileEncoding = 4; lastKnownFileType = sourcecode.swift; path = "SKNode+Extensions.swift"; sourceTree = "<group>"; };
		DD224AF91AD1722D0017311C /* SKTAudio.swift */ = {isa = PBXFileReference; fileEncoding = 4; lastKnownFileType = sourcecode.swift; path = SKTAudio.swift; sourceTree = "<group>"; };
		DD224AFA1AD1722D0017311C /* SKTEffects.swift */ = {isa = PBXFileReference; fileEncoding = 4; lastKnownFileType = sourcecode.swift; path = SKTEffects.swift; sourceTree = "<group>"; };
		DD224AFB1AD1722D0017311C /* SKTTimingFunctions.swift */ = {isa = PBXFileReference; fileEncoding = 4; lastKnownFileType = sourcecode.swift; path = SKTTimingFunctions.swift; sourceTree = "<group>"; };
		DD224AFC1AD1722D0017311C /* Vector3.swift */ = {isa = PBXFileReference; fileEncoding = 4; lastKnownFileType = sourcecode.swift; path = Vector3.swift; sourceTree = "<group>"; };
		DD224B0C1AD411360017311C /* SKTUtils.h */ = {isa = PBXFileReference; fileEncoding = 4; lastKnownFileType = sourcecode.c.h; name = SKTUtils.h; path = ../SKTUtils.h; sourceTree = "<group>"; };
		DD224B0F1AD521180017311C /* level1.mp3 */ = {isa = PBXFileReference; lastKnownFileType = audio.mp3; path = level1.mp3; sourceTree = "<group>"; };
		DD36359E1AB48C57008C5FE8 /* JSTileMap.h */ = {isa = PBXFileReference; fileEncoding = 4; lastKnownFileType = sourcecode.c.h; path = JSTileMap.h; sourceTree = "<group>"; };
		DD36359F1AB48C57008C5FE8 /* JSTileMap.m */ = {isa = PBXFileReference; fileEncoding = 4; lastKnownFileType = sourcecode.c.objc; path = JSTileMap.m; sourceTree = "<group>"; };
		DD3635A11AB48E08008C5FE8 /* LFCGzipUtility.h */ = {isa = PBXFileReference; fileEncoding = 4; lastKnownFileType = sourcecode.c.h; name = LFCGzipUtility.h; path = ../LFCGzipUtility.h; sourceTree = "<group>"; };
		DD3635A21AB48E08008C5FE8 /* LFCGzipUtility.m */ = {isa = PBXFileReference; fileEncoding = 4; lastKnownFileType = sourcecode.c.objc; name = LFCGzipUtility.m; path = ../LFCGzipUtility.m; sourceTree = "<group>"; };
		DD3635A41AB48E51008C5FE8 /* Bridging-Header.h */ = {isa = PBXFileReference; lastKnownFileType = sourcecode.c.h; name = "Bridging-Header.h"; path = "../Bridging-Header.h"; sourceTree = "<group>"; };
		DD3635A51AB49178008C5FE8 /* libz.dylib */ = {isa = PBXFileReference; lastKnownFileType = "compiled.mach-o.dylib"; name = libz.dylib; path = usr/lib/libz.dylib; sourceTree = SDKROOT; };
		DDACF8001AB476A600F3C896 /* OptionsViewController.swift */ = {isa = PBXFileReference; fileEncoding = 4; lastKnownFileType = sourcecode.swift; path = OptionsViewController.swift; sourceTree = "<group>"; };
		DDACF8021AB476FD00F3C896 /* LaunchScreenViewController.swift */ = {isa = PBXFileReference; fileEncoding = 4; lastKnownFileType = sourcecode.swift; path = LaunchScreenViewController.swift; sourceTree = "<group>"; };
		DDACF80B1AB487D000F3C896 /* level1.tmx */ = {isa = PBXFileReference; fileEncoding = 4; lastKnownFileType = text.xml; path = level1.tmx; sourceTree = "<group>"; };
		DDACF80C1AB487D000F3C896 /* tileSet.png */ = {isa = PBXFileReference; lastKnownFileType = image.png; path = tileSet.png; sourceTree = "<group>"; };
		DDACF80D1AB487D000F3C896 /* tileSet@2x.png */ = {isa = PBXFileReference; lastKnownFileType = image.png; path = "tileSet@2x.png"; sourceTree = "<group>"; };
		DDD3985F1AD545A000E3B0BB /* ReplayScene.swift */ = {isa = PBXFileReference; fileEncoding = 4; lastKnownFileType = sourcecode.swift; name = ReplayScene.swift; path = ../ReplayScene.swift; sourceTree = "<group>"; };
/* End PBXFileReference section */

/* Begin PBXFrameworksBuildPhase section */
		DD1FA9011A5D6402005AF169 /* Frameworks */ = {
			isa = PBXFrameworksBuildPhase;
			buildActionMask = 2147483647;
			files = (
				DD3635A61AB49178008C5FE8 /* libz.dylib in Frameworks */,
			);
			runOnlyForDeploymentPostprocessing = 0;
		};
		DD1FA91A1A5D6402005AF169 /* Frameworks */ = {
			isa = PBXFrameworksBuildPhase;
			buildActionMask = 2147483647;
			files = (
			);
			runOnlyForDeploymentPostprocessing = 0;
		};
/* End PBXFrameworksBuildPhase section */

/* Begin PBXGroup section */
		DD1FA8FB1A5D6402005AF169 = {
			isa = PBXGroup;
			children = (
				DD1FA9061A5D6402005AF169 /* Game */,
				DD224AED1AB6B7EC0017311C /* Game.app */,
				DD1FA9201A5D6402005AF169 /* GameTests */,
				DD224AEE1AB6B7EC0017311C /* GameTests.xctest */,
			);
			sourceTree = "<group>";
		};
		DD1FA9061A5D6402005AF169 /* Game */ = {
			isa = PBXGroup;
			children = (
				DD3635A41AB48E51008C5FE8 /* Bridging-Header.h */,
				DD224B0F1AD521180017311C /* level1.mp3 */,
				DD1FA90B1A5D6402005AF169 /* GameScene.sks */,
				DD1FA9091A5D6402005AF169 /* AppDelegate.swift */,
				DD1FA90D1A5D6402005AF169 /* GameScene.swift */,
				DD1FA90F1A5D6402005AF169 /* GameViewController.swift */,
				DDACF8021AB476FD00F3C896 /* LaunchScreenViewController.swift */,
				DDACF8001AB476A600F3C896 /* OptionsViewController.swift */,
				DD224AEF1AD1629D0017311C /* Player.swift */,
				DDD3985F1AD545A000E3B0BB /* ReplayScene.swift */,
				DD1FA9141A5D6402005AF169 /* Images.xcassets */,
				DDACF7FF1AB3381300F3C896 /* classes */,
				DDACF8041AB4838A00F3C896 /* JSTileMap */,
				DD1FA9161A5D6402005AF169 /* LaunchScreen.xib */,
				DD1FA9111A5D6402005AF169 /* Main.storyboard */,
				DD224B091AD1723B0017311C /* SKUtils */,
				DD1FA9071A5D6402005AF169 /* Supporting Files */,
			);
			path = Game;
			sourceTree = "<group>";
		};
		DD1FA9071A5D6402005AF169 /* Supporting Files */ = {
			isa = PBXGroup;
			children = (
				DD1FA9081A5D6402005AF169 /* Info.plist */,
			);
			name = "Supporting Files";
			sourceTree = "<group>";
		};
		DD1FA9201A5D6402005AF169 /* GameTests */ = {
			isa = PBXGroup;
			children = (
				DD1FA9231A5D6402005AF169 /* GameTests.swift */,
				DD1FA9211A5D6402005AF169 /* Supporting Files */,
			);
			path = GameTests;
			sourceTree = "<group>";
		};
		DD1FA9211A5D6402005AF169 /* Supporting Files */ = {
			isa = PBXGroup;
			children = (
				DD1FA9221A5D6402005AF169 /* Info.plist */,
			);
			name = "Supporting Files";
			sourceTree = "<group>";
		};
		DD224B091AD1723B0017311C /* SKUtils */ = {
			isa = PBXGroup;
			children = (
				DD224B0C1AD411360017311C /* SKTUtils.h */,
				DD3635A51AB49178008C5FE8 /* libz.dylib */,
				DD224AF11AD1722D0017311C /* CGFloat+Extensions.swift */,
				DD224AF21AD1722D0017311C /* CGPoint+Extensions.swift */,
				DD224AF31AD1722D0017311C /* CGVector+Extensions.swift */,
				DD224AF41AD1722D0017311C /* Int+Extensions.swift */,
				DD224AF51AD1722D0017311C /* SKAction+Extensions.swift */,
				DD224AF61AD1722D0017311C /* SKAction+SpecialEffects.swift */,
				DD224AF71AD1722D0017311C /* SKColor+Extensions.swift */,
				DD224AF81AD1722D0017311C /* SKNode+Extensions.swift */,
				DD224AF91AD1722D0017311C /* SKTAudio.swift */,
				DD224AFA1AD1722D0017311C /* SKTEffects.swift */,
				DD224AFB1AD1722D0017311C /* SKTTimingFunctions.swift */,
				DD224AFC1AD1722D0017311C /* Vector3.swift */,
			);
			name = SKUtils;
			sourceTree = "<group>";
		};
		DDACF7FF1AB3381300F3C896 /* classes */ = {
			isa = PBXGroup;
			children = (
			);
			name = classes;
			sourceTree = "<group>";
		};
		DDACF8041AB4838A00F3C896 /* JSTileMap */ = {
			isa = PBXGroup;
			children = (
				DD3635A21AB48E08008C5FE8 /* LFCGzipUtility.m */,
				DD3635A11AB48E08008C5FE8 /* LFCGzipUtility.h */,
				DD36359E1AB48C57008C5FE8 /* JSTileMap.h */,
				DD36359F1AB48C57008C5FE8 /* JSTileMap.m */,
				DDACF80B1AB487D000F3C896 /* level1.tmx */,
				DDACF80C1AB487D000F3C896 /* tileSet.png */,
				DDACF80D1AB487D000F3C896 /* tileSet@2x.png */,
			);
			name = JSTileMap;
			sourceTree = "<group>";
		};
/* End PBXGroup section */

/* Begin PBXNativeTarget section */
		DD1FA9031A5D6402005AF169 /* Game */ = {
			isa = PBXNativeTarget;
			buildConfigurationList = DD1FA9271A5D6402005AF169 /* Build configuration list for PBXNativeTarget "Game" */;
			buildPhases = (
				DD1FA9001A5D6402005AF169 /* Sources */,
				DD1FA9011A5D6402005AF169 /* Frameworks */,
				DD1FA9021A5D6402005AF169 /* Resources */,
			);
			buildRules = (
			);
			dependencies = (
			);
			name = Game;
			productName = Game;
			productReference = DD224AED1AB6B7EC0017311C /* Game.app */;
			productType = "com.apple.product-type.application";
		};
		DD1FA91C1A5D6402005AF169 /* GameTests */ = {
			isa = PBXNativeTarget;
			buildConfigurationList = DD1FA92A1A5D6402005AF169 /* Build configuration list for PBXNativeTarget "GameTests" */;
			buildPhases = (
				DD1FA9191A5D6402005AF169 /* Sources */,
				DD1FA91A1A5D6402005AF169 /* Frameworks */,
				DD1FA91B1A5D6402005AF169 /* Resources */,
			);
			buildRules = (
			);
			dependencies = (
				DD1FA91F1A5D6402005AF169 /* PBXTargetDependency */,
			);
			name = GameTests;
			productName = GameTests;
			productReference = DD224AEE1AB6B7EC0017311C /* GameTests.xctest */;
			productType = "com.apple.product-type.bundle.unit-test";
		};
/* End PBXNativeTarget section */

/* Begin PBXProject section */
		DD1FA8FC1A5D6402005AF169 /* Project object */ = {
			isa = PBXProject;
			attributes = {
				LastUpgradeCheck = 0610;
				ORGANIZATIONNAME = "Marvin Muuss";
				TargetAttributes = {
					DD1FA9031A5D6402005AF169 = {
						CreatedOnToolsVersion = 6.1.1;
					};
					DD1FA91C1A5D6402005AF169 = {
						CreatedOnToolsVersion = 6.1.1;
						TestTargetID = DD1FA9031A5D6402005AF169;
					};
				};
			};
			buildConfigurationList = DD1FA8FF1A5D6402005AF169 /* Build configuration list for PBXProject "Game" */;
			compatibilityVersion = "Xcode 3.2";
			developmentRegion = English;
			hasScannedForEncodings = 0;
			knownRegions = (
				en,
				Base,
			);
			mainGroup = DD1FA8FB1A5D6402005AF169;
			productRefGroup = DD1FA8FB1A5D6402005AF169;
			projectDirPath = "";
			projectRoot = "";
			targets = (
				DD1FA9031A5D6402005AF169 /* Game */,
				DD1FA91C1A5D6402005AF169 /* GameTests */,
			);
		};
/* End PBXProject section */

/* Begin PBXResourcesBuildPhase section */
		DD1FA9021A5D6402005AF169 /* Resources */ = {
			isa = PBXResourcesBuildPhase;
			buildActionMask = 2147483647;
			files = (
				DDACF80E1AB487D000F3C896 /* level1.tmx in Resources */,
				DD224B101AD521180017311C /* level1.mp3 in Resources */,
				DD1FA9181A5D6402005AF169 /* LaunchScreen.xib in Resources */,
				DD1FA9151A5D6402005AF169 /* Images.xcassets in Resources */,
				DD1FA90C1A5D6402005AF169 /* GameScene.sks in Resources */,
				DDACF80F1AB487D000F3C896 /* tileSet.png in Resources */,
				DDACF8101AB487D000F3C896 /* tileSet@2x.png in Resources */,
				DD1FA9131A5D6402005AF169 /* Main.storyboard in Resources */,
			);
			runOnlyForDeploymentPostprocessing = 0;
		};
		DD1FA91B1A5D6402005AF169 /* Resources */ = {
			isa = PBXResourcesBuildPhase;
			buildActionMask = 2147483647;
			files = (
			);
			runOnlyForDeploymentPostprocessing = 0;
		};
/* End PBXResourcesBuildPhase section */

/* Begin PBXSourcesBuildPhase section */
		DD1FA9001A5D6402005AF169 /* Sources */ = {
			isa = PBXSourcesBuildPhase;
			buildActionMask = 2147483647;
			files = (
				DD1FA90E1A5D6402005AF169 /* GameScene.swift in Sources */,
				DD1FA9101A5D6402005AF169 /* GameViewController.swift in Sources */,
				DD224B061AD1722D0017311C /* SKTEffects.swift in Sources */,
				DD224B051AD1722D0017311C /* SKTAudio.swift in Sources */,
				DD3635A01AB48C57008C5FE8 /* JSTileMap.m in Sources */,
				DD224B071AD1722D0017311C /* SKTTimingFunctions.swift in Sources */,
				DD1FA90A1A5D6402005AF169 /* AppDelegate.swift in Sources */,
				DD224B001AD1722D0017311C /* Int+Extensions.swift in Sources */,
				DDACF8031AB476FD00F3C896 /* LaunchScreenViewController.swift in Sources */,
				DD224B041AD1722D0017311C /* SKNode+Extensions.swift in Sources */,
				DD224AFD1AD1722D0017311C /* CGFloat+Extensions.swift in Sources */,
				DD224B021AD1722D0017311C /* SKAction+SpecialEffects.swift in Sources */,
				DDD398601AD545A000E3B0BB /* ReplayScene.swift in Sources */,
				DD224B081AD1722D0017311C /* Vector3.swift in Sources */,
				DD224AFE1AD1722D0017311C /* CGPoint+Extensions.swift in Sources */,
				DD224B011AD1722D0017311C /* SKAction+Extensions.swift in Sources */,
				DD224B031AD1722D0017311C /* SKColor+Extensions.swift in Sources */,
				DD224AFF1AD1722D0017311C /* CGVector+Extensions.swift in Sources */,
				DD3635A31AB48E08008C5FE8 /* LFCGzipUtility.m in Sources */,
				DD224AF01AD1629D0017311C /* Player.swift in Sources */,
				DDACF8011AB476A600F3C896 /* OptionsViewController.swift in Sources */,
			);
			runOnlyForDeploymentPostprocessing = 0;
		};
		DD1FA9191A5D6402005AF169 /* Sources */ = {
			isa = PBXSourcesBuildPhase;
			buildActionMask = 2147483647;
			files = (
				DD1FA9241A5D6402005AF169 /* GameTests.swift in Sources */,
			);
			runOnlyForDeploymentPostprocessing = 0;
		};
/* End PBXSourcesBuildPhase section */

/* Begin PBXTargetDependency section */
		DD1FA91F1A5D6402005AF169 /* PBXTargetDependency */ = {
			isa = PBXTargetDependency;
			target = DD1FA9031A5D6402005AF169 /* Game */;
			targetProxy = DD1FA91E1A5D6402005AF169 /* PBXContainerItemProxy */;
		};
/* End PBXTargetDependency section */

/* Begin PBXVariantGroup section */
		DD1FA9111A5D6402005AF169 /* Main.storyboard */ = {
			isa = PBXVariantGroup;
			children = (
				DD1FA9121A5D6402005AF169 /* Base */,
			);
			name = Main.storyboard;
			sourceTree = "<group>";
		};
		DD1FA9161A5D6402005AF169 /* LaunchScreen.xib */ = {
			isa = PBXVariantGroup;
			children = (
				DD1FA9171A5D6402005AF169 /* Base */,
			);
			name = LaunchScreen.xib;
			sourceTree = "<group>";
		};
/* End PBXVariantGroup section */

/* Begin XCBuildConfiguration section */
		DD1FA9251A5D6402005AF169 /* Debug */ = {
			isa = XCBuildConfiguration;
			buildSettings = {
				ALWAYS_SEARCH_USER_PATHS = NO;
				CLANG_CXX_LANGUAGE_STANDARD = "gnu++0x";
				CLANG_CXX_LIBRARY = "libc++";
				CLANG_ENABLE_MODULES = YES;
				CLANG_ENABLE_OBJC_ARC = YES;
				CLANG_WARN_BOOL_CONVERSION = YES;
				CLANG_WARN_CONSTANT_CONVERSION = YES;
				CLANG_WARN_DIRECT_OBJC_ISA_USAGE = YES_ERROR;
				CLANG_WARN_EMPTY_BODY = YES;
				CLANG_WARN_ENUM_CONVERSION = YES;
				CLANG_WARN_INT_CONVERSION = YES;
				CLANG_WARN_OBJC_ROOT_CLASS = YES_ERROR;
				CLANG_WARN_UNREACHABLE_CODE = YES;
				CLANG_WARN__DUPLICATE_METHOD_MATCH = YES;
				"CODE_SIGN_IDENTITY[sdk=iphoneos*]" = "iPhone Developer";
				COPY_PHASE_STRIP = NO;
				ENABLE_STRICT_OBJC_MSGSEND = YES;
				GCC_C_LANGUAGE_STANDARD = gnu99;
				GCC_DYNAMIC_NO_PIC = NO;
				GCC_OPTIMIZATION_LEVEL = 0;
				GCC_PREPROCESSOR_DEFINITIONS = (
					"DEBUG=1",
					"$(inherited)",
				);
				GCC_SYMBOLS_PRIVATE_EXTERN = NO;
				GCC_WARN_64_TO_32_BIT_CONVERSION = YES;
				GCC_WARN_ABOUT_RETURN_TYPE = YES_ERROR;
				GCC_WARN_UNDECLARED_SELECTOR = YES;
				GCC_WARN_UNINITIALIZED_AUTOS = YES_AGGRESSIVE;
				GCC_WARN_UNUSED_FUNCTION = YES;
				GCC_WARN_UNUSED_VARIABLE = YES;
				IPHONEOS_DEPLOYMENT_TARGET = 8.1;
				MTL_ENABLE_DEBUG_INFO = YES;
				ONLY_ACTIVE_ARCH = YES;
				SDKROOT = iphoneos;
				SWIFT_OPTIMIZATION_LEVEL = "-Onone";
			};
			name = Debug;
		};
		DD1FA9261A5D6402005AF169 /* Release */ = {
			isa = XCBuildConfiguration;
			buildSettings = {
				ALWAYS_SEARCH_USER_PATHS = NO;
				CLANG_CXX_LANGUAGE_STANDARD = "gnu++0x";
				CLANG_CXX_LIBRARY = "libc++";
				CLANG_ENABLE_MODULES = YES;
				CLANG_ENABLE_OBJC_ARC = YES;
				CLANG_WARN_BOOL_CONVERSION = YES;
				CLANG_WARN_CONSTANT_CONVERSION = YES;
				CLANG_WARN_DIRECT_OBJC_ISA_USAGE = YES_ERROR;
				CLANG_WARN_EMPTY_BODY = YES;
				CLANG_WARN_ENUM_CONVERSION = YES;
				CLANG_WARN_INT_CONVERSION = YES;
				CLANG_WARN_OBJC_ROOT_CLASS = YES_ERROR;
				CLANG_WARN_UNREACHABLE_CODE = YES;
				CLANG_WARN__DUPLICATE_METHOD_MATCH = YES;
				"CODE_SIGN_IDENTITY[sdk=iphoneos*]" = "iPhone Developer";
				COPY_PHASE_STRIP = YES;
				ENABLE_NS_ASSERTIONS = NO;
				ENABLE_STRICT_OBJC_MSGSEND = YES;
				GCC_C_LANGUAGE_STANDARD = gnu99;
				GCC_WARN_64_TO_32_BIT_CONVERSION = YES;
				GCC_WARN_ABOUT_RETURN_TYPE = YES_ERROR;
				GCC_WARN_UNDECLARED_SELECTOR = YES;
				GCC_WARN_UNINITIALIZED_AUTOS = YES_AGGRESSIVE;
				GCC_WARN_UNUSED_FUNCTION = YES;
				GCC_WARN_UNUSED_VARIABLE = YES;
				IPHONEOS_DEPLOYMENT_TARGET = 8.1;
				MTL_ENABLE_DEBUG_INFO = NO;
				SDKROOT = iphoneos;
				VALIDATE_PRODUCT = YES;
			};
			name = Release;
		};
		DD1FA9281A5D6402005AF169 /* Debug */ = {
			isa = XCBuildConfiguration;
			buildSettings = {
				ASSETCATALOG_COMPILER_APPICON_NAME = AppIcon;
				DEFINES_MODULE = YES;
				INFOPLIST_FILE = Game/Info.plist;
				LD_RUNPATH_SEARCH_PATHS = "$(inherited) @executable_path/Frameworks";
				PRODUCT_NAME = "$(TARGET_NAME)";
				SWIFT_OBJC_BRIDGING_HEADER = "Bridging-Header.h";
			};
			name = Debug;
		};
		DD1FA9291A5D6402005AF169 /* Release */ = {
			isa = XCBuildConfiguration;
			buildSettings = {
				ASSETCATALOG_COMPILER_APPICON_NAME = AppIcon;
				DEFINES_MODULE = YES;
				INFOPLIST_FILE = Game/Info.plist;
				LD_RUNPATH_SEARCH_PATHS = "$(inherited) @executable_path/Frameworks";
				PRODUCT_NAME = "$(TARGET_NAME)";
				SWIFT_OBJC_BRIDGING_HEADER = "Bridging-Header.h";
			};
			name = Release;
		};
		DD1FA92B1A5D6402005AF169 /* Debug */ = {
			isa = XCBuildConfiguration;
			buildSettings = {
				BUNDLE_LOADER = "$(TEST_HOST)";
				FRAMEWORK_SEARCH_PATHS = (
					"$(SDKROOT)/Developer/Library/Frameworks",
					"$(inherited)",
				);
				GCC_PREPROCESSOR_DEFINITIONS = (
					"DEBUG=1",
					"$(inherited)",
				);
				INFOPLIST_FILE = GameTests/Info.plist;
				LD_RUNPATH_SEARCH_PATHS = "$(inherited) @executable_path/Frameworks @loader_path/Frameworks";
				PRODUCT_NAME = "$(TARGET_NAME)";
				TEST_HOST = "$(BUILT_PRODUCTS_DIR)/Game.app/Game";
			};
			name = Debug;
		};
		DD1FA92C1A5D6402005AF169 /* Release */ = {
			isa = XCBuildConfiguration;
			buildSettings = {
				BUNDLE_LOADER = "$(TEST_HOST)";
				FRAMEWORK_SEARCH_PATHS = (
					"$(SDKROOT)/Developer/Library/Frameworks",
					"$(inherited)",
				);
				INFOPLIST_FILE = GameTests/Info.plist;
				LD_RUNPATH_SEARCH_PATHS = "$(inherited) @executable_path/Frameworks @loader_path/Frameworks";
				PRODUCT_NAME = "$(TARGET_NAME)";
				TEST_HOST = "$(BUILT_PRODUCTS_DIR)/Game.app/Game";
			};
			name = Release;
		};
/* End XCBuildConfiguration section */

/* Begin XCConfigurationList section */
		DD1FA8FF1A5D6402005AF169 /* Build configuration list for PBXProject "Game" */ = {
			isa = XCConfigurationList;
			buildConfigurations = (
				DD1FA9251A5D6402005AF169 /* Debug */,
				DD1FA9261A5D6402005AF169 /* Release */,
			);
			defaultConfigurationIsVisible = 0;
			defaultConfigurationName = Release;
		};
		DD1FA9271A5D6402005AF169 /* Build configuration list for PBXNativeTarget "Game" */ = {
			isa = XCConfigurationList;
			buildConfigurations = (
				DD1FA9281A5D6402005AF169 /* Debug */,
				DD1FA9291A5D6402005AF169 /* Release */,
			);
			defaultConfigurationIsVisible = 0;
			defaultConfigurationName = Release;
		};
		DD1FA92A1A5D6402005AF169 /* Build configuration list for PBXNativeTarget "GameTests" */ = {
			isa = XCConfigurationList;
			buildConfigurations = (
				DD1FA92B1A5D6402005AF169 /* Debug */,
				DD1FA92C1A5D6402005AF169 /* Release */,
			);
			defaultConfigurationIsVisible = 0;
			defaultConfigurationName = Release;
		};
/* End XCConfigurationList section */
	};
	rootObject = DD1FA8FC1A5D6402005AF169 /* Project object */;
}
